
Microsoft Visual Studio Solution File, Format Version 12.00
# Visual Studio Version 16
VisualStudioVersion = 16.0.30104.148
MinimumVisualStudioVersion = 10.0.40219.1
Project("{9A19103F-16F7-4668-BE54-9A1E7A4F7556}") = "Mini-bot sushi", "..\..\..\Mini-bot sushi\Mini-bot sushi\Mini-bot sushi.csproj", "{1C72A2BC-694E-46CF-8818-9FEC8ABF6987}"
EndProject
Global
	GlobalSection(SolutionConfigurationPlatforms) = preSolution
		Debug|Any CPU = Debug|Any CPU
		Release|Any CPU = Release|Any CPU
	EndGlobalSection
	GlobalSection(ProjectConfigurationPlatforms) = postSolution
		{1C72A2BC-694E-46CF-8818-9FEC8ABF6987}.Debug|Any CPU.ActiveCfg = Debug|Any CPU
		{1C72A2BC-694E-46CF-8818-9FEC8ABF6987}.Debug|Any CPU.Build.0 = Debug|Any CPU
		{1C72A2BC-694E-46CF-8818-9FEC8ABF6987}.Release|Any CPU.ActiveCfg = Release|Any CPU
		{1C72A2BC-694E-46CF-8818-9FEC8ABF6987}.Release|Any CPU.Build.0 = Release|Any CPU
	EndGlobalSection
	GlobalSection(SolutionProperties) = preSolution
		HideSolutionNode = FALSE
	EndGlobalSection
	GlobalSection(ExtensibilityGlobals) = postSolution
		SolutionGuid = {8A5076C0-AF7E-4B46-9F24-285CC227B280}
	EndGlobalSection
EndGlobal
